
Microsoft Visual Studio Solution File, Format Version 12.00
# Visual Studio Version 17
VisualStudioVersion = 17.9.34728.123
MinimumVisualStudioVersion = 10.0.40219.1
Project("{FAE04EC0-301F-11D3-BF4B-00C04F79EFBC}") = "PaymentsPOC", "PaymentsPOC.csproj", "{B355963C-3720-4FFC-8B0C-7C8CAC5AEA97}"
EndProject
Global
	GlobalSection(SolutionConfigurationPlatforms) = preSolution
		Debug|Any CPU = Debug|Any CPU
		Release|Any CPU = Release|Any CPU
	EndGlobalSection
	GlobalSection(ProjectConfigurationPlatforms) = postSolution
		{B355963C-3720-4FFC-8B0C-7C8CAC5AEA97}.Debug|Any CPU.ActiveCfg = Debug|Any CPU
		{B355963C-3720-4FFC-8B0C-7C8CAC5AEA97}.Debug|Any CPU.Build.0 = Debug|Any CPU
		{B355963C-3720-4FFC-8B0C-7C8CAC5AEA97}.Release|Any CPU.ActiveCfg = Release|Any CPU
		{B355963C-3720-4FFC-8B0C-7C8CAC5AEA97}.Release|Any CPU.Build.0 = Release|Any CPU
	EndGlobalSection
	GlobalSection(SolutionProperties) = preSolution
		HideSolutionNode = FALSE
	EndGlobalSection
	GlobalSection(ExtensibilityGlobals) = postSolution
		SolutionGuid = {4E6143F0-66C3-48D4-A3C7-8132E33DB11F}
	EndGlobalSection
EndGlobal
